// !$*UTF8*$!
{
	archiveVersion = 1;
	classes = {
	};
	objectVersion = 46;
	objects = {

/* Begin PBXBuildFile section */
		125CBADB1F51708A009976EA /* ScaleView.swift in Sources */ = {isa = PBXBuildFile; fileRef = 125CBADA1F51708A009976EA /* ScaleView.swift */; };
		125CBADD1F51B21C009976EA /* MyTileOverlay.swift in Sources */ = {isa = PBXBuildFile; fileRef = 125CBADC1F51B21C009976EA /* MyTileOverlay.swift */; };
		125CBADF1F51BE20009976EA /* SettingsLinksViewController.swift in Sources */ = {isa = PBXBuildFile; fileRef = 125CBADE1F51BE20009976EA /* SettingsLinksViewController.swift */; };
		125CBAE11F5A5512009976EA /* SettingsSelectViewController.swift in Sources */ = {isa = PBXBuildFile; fileRef = 125CBAE01F5A5512009976EA /* SettingsSelectViewController.swift */; };
		125CBAE31F5A7060009976EA /* MapView.swift in Sources */ = {isa = PBXBuildFile; fileRef = 125CBAE21F5A7060009976EA /* MapView.swift */; };
		125CBAE51F5A7086009976EA /* MapViewDelegate.swift in Sources */ = {isa = PBXBuildFile; fileRef = 125CBAE41F5A7086009976EA /* MapViewDelegate.swift */; };
		1282EADE1F4DC1890036B87F /* AppDelegate.swift in Sources */ = {isa = PBXBuildFile; fileRef = 1282EADD1F4DC1890036B87F /* AppDelegate.swift */; };
		1282EAE01F4DC1890036B87F /* ViewController.swift in Sources */ = {isa = PBXBuildFile; fileRef = 1282EADF1F4DC1890036B87F /* ViewController.swift */; };
		1282EAE31F4DC1890036B87F /* Main.storyboard in Resources */ = {isa = PBXBuildFile; fileRef = 1282EAE11F4DC1890036B87F /* Main.storyboard */; };
		1282EAE51F4DC1890036B87F /* Assets.xcassets in Resources */ = {isa = PBXBuildFile; fileRef = 1282EAE41F4DC1890036B87F /* Assets.xcassets */; };
		1282EAE81F4DC1890036B87F /* LaunchScreen.storyboard in Resources */ = {isa = PBXBuildFile; fileRef = 1282EAE61F4DC1890036B87F /* LaunchScreen.storyboard */; };
		1282EAF11F4DC50D0036B87F /* MapViewController.swift in Sources */ = {isa = PBXBuildFile; fileRef = 1282EAF01F4DC50D0036B87F /* MapViewController.swift */; };
		1282EAF31F4DC5910036B87F /* TileLayersView.swift in Sources */ = {isa = PBXBuildFile; fileRef = 1282EAF21F4DC5910036B87F /* TileLayersView.swift */; };
		1282EAF51F4DC5B10036B87F /* MapInfoView.swift in Sources */ = {isa = PBXBuildFile; fileRef = 1282EAF41F4DC5B10036B87F /* MapInfoView.swift */; };
		1282EAF71F4DC5CB0036B87F /* MapControlView.swift in Sources */ = {isa = PBXBuildFile; fileRef = 1282EAF61F4DC5CB0036B87F /* MapControlView.swift */; };
		1282EAF91F4DC6040036B87F /* ControlView.swift in Sources */ = {isa = PBXBuildFile; fileRef = 1282EAF81F4DC6040036B87F /* ControlView.swift */; };
		1282EAFC1F4DC6AF0036B87F /* Chiriin.swift in Sources */ = {isa = PBXBuildFile; fileRef = 1282EAFB1F4DC6AF0036B87F /* Chiriin.swift */; };
		1282EAFF1F4DC6F10036B87F /* SettingsViewController.swift in Sources */ = {isa = PBXBuildFile; fileRef = 1282EAFE1F4DC6F10036B87F /* SettingsViewController.swift */; };
		1282EB011F4DC6FC0036B87F /* Settings.swift in Sources */ = {isa = PBXBuildFile; fileRef = 1282EB001F4DC6FC0036B87F /* Settings.swift */; };
		1282EB041F4F132E0036B87F /* ViewUtil.swift in Sources */ = {isa = PBXBuildFile; fileRef = 1282EB031F4F132E0036B87F /* ViewUtil.swift */; };
/* End PBXBuildFile section */

/* Begin PBXFileReference section */
		125CBADA1F51708A009976EA /* ScaleView.swift */ = {isa = PBXFileReference; fileEncoding = 4; lastKnownFileType = sourcecode.swift; name = ScaleView.swift; path = Map/ScaleView.swift; sourceTree = "<group>"; };
		125CBADC1F51B21C009976EA /* MyTileOverlay.swift */ = {isa = PBXFileReference; fileEncoding = 4; lastKnownFileType = sourcecode.swift; name = MyTileOverlay.swift; path = Map/MyTileOverlay.swift; sourceTree = "<group>"; };
		125CBADE1F51BE20009976EA /* SettingsLinksViewController.swift */ = {isa = PBXFileReference; fileEncoding = 4; lastKnownFileType = sourcecode.swift; name = SettingsLinksViewController.swift; path = Settings/SettingsLinksViewController.swift; sourceTree = "<group>"; };
		125CBAE01F5A5512009976EA /* SettingsSelectViewController.swift */ = {isa = PBXFileReference; fileEncoding = 4; lastKnownFileType = sourcecode.swift; name = SettingsSelectViewController.swift; path = Settings/SettingsSelectViewController.swift; sourceTree = "<group>"; };
		125CBAE21F5A7060009976EA /* MapView.swift */ = {isa = PBXFileReference; fileEncoding = 4; lastKnownFileType = sourcecode.swift; name = MapView.swift; path = Map/MapView.swift; sourceTree = "<group>"; };
		125CBAE41F5A7086009976EA /* MapViewDelegate.swift */ = {isa = PBXFileReference; fileEncoding = 4; lastKnownFileType = sourcecode.swift; name = MapViewDelegate.swift; path = Map/MapViewDelegate.swift; sourceTree = "<group>"; };
		1282EADA1F4DC1890036B87F /* KouteisaMap.app */ = {isa = PBXFileReference; explicitFileType = wrapper.application; includeInIndex = 0; path = KouteisaMap.app; sourceTree = BUILT_PRODUCTS_DIR; };
		1282EADD1F4DC1890036B87F /* AppDelegate.swift */ = {isa = PBXFileReference; lastKnownFileType = sourcecode.swift; path = AppDelegate.swift; sourceTree = "<group>"; };
		1282EADF1F4DC1890036B87F /* ViewController.swift */ = {isa = PBXFileReference; lastKnownFileType = sourcecode.swift; path = ViewController.swift; sourceTree = "<group>"; };
		1282EAE21F4DC1890036B87F /* Base */ = {isa = PBXFileReference; lastKnownFileType = file.storyboard; name = Base; path = Base.lproj/Main.storyboard; sourceTree = "<group>"; };
		1282EAE41F4DC1890036B87F /* Assets.xcassets */ = {isa = PBXFileReference; lastKnownFileType = folder.assetcatalog; path = Assets.xcassets; sourceTree = "<group>"; };
		1282EAE71F4DC1890036B87F /* Base */ = {isa = PBXFileReference; lastKnownFileType = file.storyboard; name = Base; path = Base.lproj/LaunchScreen.storyboard; sourceTree = "<group>"; };
		1282EAE91F4DC1890036B87F /* Info.plist */ = {isa = PBXFileReference; lastKnownFileType = text.plist.xml; path = Info.plist; sourceTree = "<group>"; };
		1282EAF01F4DC50D0036B87F /* MapViewController.swift */ = {isa = PBXFileReference; fileEncoding = 4; lastKnownFileType = sourcecode.swift; name = MapViewController.swift; path = Map/MapViewController.swift; sourceTree = "<group>"; };
		1282EAF21F4DC5910036B87F /* TileLayersView.swift */ = {isa = PBXFileReference; fileEncoding = 4; lastKnownFileType = sourcecode.swift; name = TileLayersView.swift; path = Map/TileLayersView.swift; sourceTree = "<group>"; };
		1282EAF41F4DC5B10036B87F /* MapInfoView.swift */ = {isa = PBXFileReference; fileEncoding = 4; lastKnownFileType = sourcecode.swift; name = MapInfoView.swift; path = Map/MapInfoView.swift; sourceTree = "<group>"; };
		1282EAF61F4DC5CB0036B87F /* MapControlView.swift */ = {isa = PBXFileReference; fileEncoding = 4; lastKnownFileType = sourcecode.swift; name = MapControlView.swift; path = Map/MapControlView.swift; sourceTree = "<group>"; };
		1282EAF81F4DC6040036B87F /* ControlView.swift */ = {isa = PBXFileReference; fileEncoding = 4; lastKnownFileType = sourcecode.swift; name = ControlView.swift; path = Map/ControlView.swift; sourceTree = "<group>"; };
		1282EAFB1F4DC6AF0036B87F /* Chiriin.swift */ = {isa = PBXFileReference; fileEncoding = 4; lastKnownFileType = sourcecode.swift; name = Chiriin.swift; path = Data/Chiriin.swift; sourceTree = "<group>"; };
		1282EAFE1F4DC6F10036B87F /* SettingsViewController.swift */ = {isa = PBXFileReference; fileEncoding = 4; lastKnownFileType = sourcecode.swift; name = SettingsViewController.swift; path = Settings/SettingsViewController.swift; sourceTree = "<group>"; };
		1282EB001F4DC6FC0036B87F /* Settings.swift */ = {isa = PBXFileReference; fileEncoding = 4; lastKnownFileType = sourcecode.swift; name = Settings.swift; path = Settings/Settings.swift; sourceTree = "<group>"; };
		1282EB031F4F132E0036B87F /* ViewUtil.swift */ = {isa = PBXFileReference; fileEncoding = 4; lastKnownFileType = sourcecode.swift; name = ViewUtil.swift; path = Util/ViewUtil.swift; sourceTree = "<group>"; };
/* End PBXFileReference section */

/* Begin PBXFrameworksBuildPhase section */
		1282EAD71F4DC1890036B87F /* Frameworks */ = {
			isa = PBXFrameworksBuildPhase;
			buildActionMask = 2147483647;
			files = (
			);
			runOnlyForDeploymentPostprocessing = 0;
		};
/* End PBXFrameworksBuildPhase section */

/* Begin PBXGroup section */
		1282EAD11F4DC1890036B87F = {
			isa = PBXGroup;
			children = (
				1282EADC1F4DC1890036B87F /* KouteisaMap */,
				1282EADB1F4DC1890036B87F /* Products */,
			);
			sourceTree = "<group>";
		};
		1282EADB1F4DC1890036B87F /* Products */ = {
			isa = PBXGroup;
			children = (
				1282EADA1F4DC1890036B87F /* KouteisaMap.app */,
			);
			name = Products;
			sourceTree = "<group>";
		};
		1282EADC1F4DC1890036B87F /* KouteisaMap */ = {
			isa = PBXGroup;
			children = (
				1282EADD1F4DC1890036B87F /* AppDelegate.swift */,
				1282EADF1F4DC1890036B87F /* ViewController.swift */,
				1282EAEF1F4DC4EB0036B87F /* Map */,
				1282EAFD1F4DC6E00036B87F /* Settings */,
				1282EAFA1F4DC6970036B87F /* Data */,
				1282EB021F4F13190036B87F /* Util */,
				1282EAE11F4DC1890036B87F /* Main.storyboard */,
				1282EAE41F4DC1890036B87F /* Assets.xcassets */,
				1282EAE61F4DC1890036B87F /* LaunchScreen.storyboard */,
				1282EAE91F4DC1890036B87F /* Info.plist */,
			);
			path = KouteisaMap;
			sourceTree = "<group>";
		};
		1282EAEF1F4DC4EB0036B87F /* Map */ = {
			isa = PBXGroup;
			children = (
				1282EAF01F4DC50D0036B87F /* MapViewController.swift */,
				125CBAE21F5A7060009976EA /* MapView.swift */,
				125CBAE41F5A7086009976EA /* MapViewDelegate.swift */,
				125CBADC1F51B21C009976EA /* MyTileOverlay.swift */,
				1282EAF21F4DC5910036B87F /* TileLayersView.swift */,
				1282EAF41F4DC5B10036B87F /* MapInfoView.swift */,
				1282EAF61F4DC5CB0036B87F /* MapControlView.swift */,
				1282EAF81F4DC6040036B87F /* ControlView.swift */,
				125CBADA1F51708A009976EA /* ScaleView.swift */,
			);
			name = Map;
			sourceTree = "<group>";
		};
		1282EAFA1F4DC6970036B87F /* Data */ = {
			isa = PBXGroup;
			children = (
				1282EAFB1F4DC6AF0036B87F /* Chiriin.swift */,
			);
			name = Data;
			sourceTree = "<group>";
		};
		1282EAFD1F4DC6E00036B87F /* Settings */ = {
			isa = PBXGroup;
			children = (
				1282EAFE1F4DC6F10036B87F /* SettingsViewController.swift */,
				125CBADE1F51BE20009976EA /* SettingsLinksViewController.swift */,
				125CBAE01F5A5512009976EA /* SettingsSelectViewController.swift */,
				1282EB001F4DC6FC0036B87F /* Settings.swift */,
			);
			name = Settings;
			sourceTree = "<group>";
		};
		1282EB021F4F13190036B87F /* Util */ = {
			isa = PBXGroup;
			children = (
				1282EB031F4F132E0036B87F /* ViewUtil.swift */,
			);
			name = Util;
			sourceTree = "<group>";
		};
/* End PBXGroup section */

/* Begin PBXNativeTarget section */
		1282EAD91F4DC1890036B87F /* KouteisaMap */ = {
			isa = PBXNativeTarget;
			buildConfigurationList = 1282EAEC1F4DC1890036B87F /* Build configuration list for PBXNativeTarget "KouteisaMap" */;
			buildPhases = (
				1282EAD61F4DC1890036B87F /* Sources */,
				1282EAD71F4DC1890036B87F /* Frameworks */,
				1282EAD81F4DC1890036B87F /* Resources */,
			);
			buildRules = (
			);
			dependencies = (
			);
			name = KouteisaMap;
			productName = KouteisaMap;
			productReference = 1282EADA1F4DC1890036B87F /* KouteisaMap.app */;
			productType = "com.apple.product-type.application";
		};
/* End PBXNativeTarget section */

/* Begin PBXProject section */
		1282EAD21F4DC1890036B87F /* Project object */ = {
			isa = PBXProject;
			attributes = {
				LastSwiftUpdateCheck = 0830;
				LastUpgradeCheck = 0830;
				ORGANIZATIONNAME = pgostation;
				TargetAttributes = {
					1282EAD91F4DC1890036B87F = {
						CreatedOnToolsVersion = 8.3.3;
						DevelopmentTeam = L5M8K6XWJN;
						ProvisioningStyle = Automatic;
					};
				};
			};
			buildConfigurationList = 1282EAD51F4DC1890036B87F /* Build configuration list for PBXProject "KouteisaMap" */;
			compatibilityVersion = "Xcode 3.2";
			developmentRegion = English;
			hasScannedForEncodings = 0;
			knownRegions = (
				en,
				Base,
			);
			mainGroup = 1282EAD11F4DC1890036B87F;
			productRefGroup = 1282EADB1F4DC1890036B87F /* Products */;
			projectDirPath = "";
			projectRoot = "";
			targets = (
				1282EAD91F4DC1890036B87F /* KouteisaMap */,
			);
		};
/* End PBXProject section */

/* Begin PBXResourcesBuildPhase section */
		1282EAD81F4DC1890036B87F /* Resources */ = {
			isa = PBXResourcesBuildPhase;
			buildActionMask = 2147483647;
			files = (
				1282EAE81F4DC1890036B87F /* LaunchScreen.storyboard in Resources */,
				1282EAE51F4DC1890036B87F /* Assets.xcassets in Resources */,
				1282EAE31F4DC1890036B87F /* Main.storyboard in Resources */,
			);
			runOnlyForDeploymentPostprocessing = 0;
		};
/* End PBXResourcesBuildPhase section */

/* Begin PBXSourcesBuildPhase section */
		1282EAD61F4DC1890036B87F /* Sources */ = {
			isa = PBXSourcesBuildPhase;
			buildActionMask = 2147483647;
			files = (
				125CBADD1F51B21C009976EA /* MyTileOverlay.swift in Sources */,
				125CBAE31F5A7060009976EA /* MapView.swift in Sources */,
				125CBAE51F5A7086009976EA /* MapViewDelegate.swift in Sources */,
				1282EAF31F4DC5910036B87F /* TileLayersView.swift in Sources */,
				1282EAE01F4DC1890036B87F /* ViewController.swift in Sources */,
				125CBADF1F51BE20009976EA /* SettingsLinksViewController.swift in Sources */,
				1282EB041F4F132E0036B87F /* ViewUtil.swift in Sources */,
				1282EAF11F4DC50D0036B87F /* MapViewController.swift in Sources */,
				125CBAE11F5A5512009976EA /* SettingsSelectViewController.swift in Sources */,
				1282EADE1F4DC1890036B87F /* AppDelegate.swift in Sources */,
				1282EB011F4DC6FC0036B87F /* Settings.swift in Sources */,
				1282EAF51F4DC5B10036B87F /* MapInfoView.swift in Sources */,
				1282EAF91F4DC6040036B87F /* ControlView.swift in Sources */,
				1282EAFC1F4DC6AF0036B87F /* Chiriin.swift in Sources */,
				125CBADB1F51708A009976EA /* ScaleView.swift in Sources */,
				1282EAF71F4DC5CB0036B87F /* MapControlView.swift in Sources */,
				1282EAFF1F4DC6F10036B87F /* SettingsViewController.swift in Sources */,
			);
			runOnlyForDeploymentPostprocessing = 0;
		};
/* End PBXSourcesBuildPhase section */

/* Begin PBXVariantGroup section */
		1282EAE11F4DC1890036B87F /* Main.storyboard */ = {
			isa = PBXVariantGroup;
			children = (
				1282EAE21F4DC1890036B87F /* Base */,
			);
			name = Main.storyboard;
			sourceTree = "<group>";
		};
		1282EAE61F4DC1890036B87F /* LaunchScreen.storyboard */ = {
			isa = PBXVariantGroup;
			children = (
				1282EAE71F4DC1890036B87F /* Base */,
			);
			name = LaunchScreen.storyboard;
			sourceTree = "<group>";
		};
/* End PBXVariantGroup section */

/* Begin XCBuildConfiguration section */
		1282EAEA1F4DC1890036B87F /* Debug */ = {
			isa = XCBuildConfiguration;
			buildSettings = {
				ALWAYS_SEARCH_USER_PATHS = NO;
				CLANG_ANALYZER_NONNULL = YES;
				CLANG_ANALYZER_NUMBER_OBJECT_CONVERSION = YES_AGGRESSIVE;
				CLANG_CXX_LANGUAGE_STANDARD = "gnu++0x";
				CLANG_CXX_LIBRARY = "libc++";
				CLANG_ENABLE_MODULES = YES;
				CLANG_ENABLE_OBJC_ARC = YES;
				CLANG_WARN_BOOL_CONVERSION = YES;
				CLANG_WARN_CONSTANT_CONVERSION = YES;
				CLANG_WARN_DIRECT_OBJC_ISA_USAGE = YES_ERROR;
				CLANG_WARN_DOCUMENTATION_COMMENTS = YES;
				CLANG_WARN_EMPTY_BODY = YES;
				CLANG_WARN_ENUM_CONVERSION = YES;
				CLANG_WARN_INFINITE_RECURSION = YES;
				CLANG_WARN_INT_CONVERSION = YES;
				CLANG_WARN_OBJC_ROOT_CLASS = YES_ERROR;
				CLANG_WARN_SUSPICIOUS_MOVE = YES;
				CLANG_WARN_UNREACHABLE_CODE = YES;
				CLANG_WARN__DUPLICATE_METHOD_MATCH = YES;
				"CODE_SIGN_IDENTITY[sdk=iphoneos*]" = "iPhone Developer";
				COPY_PHASE_STRIP = NO;
				DEBUG_INFORMATION_FORMAT = dwarf;
				ENABLE_STRICT_OBJC_MSGSEND = YES;
				ENABLE_TESTABILITY = YES;
				GCC_C_LANGUAGE_STANDARD = gnu99;
				GCC_DYNAMIC_NO_PIC = NO;
				GCC_NO_COMMON_BLOCKS = YES;
				GCC_OPTIMIZATION_LEVEL = 0;
				GCC_PREPROCESSOR_DEFINITIONS = (
					"DEBUG=1",
					"$(inherited)",
				);
				GCC_WARN_64_TO_32_BIT_CONVERSION = YES;
				GCC_WARN_ABOUT_RETURN_TYPE = YES_ERROR;
				GCC_WARN_UNDECLARED_SELECTOR = YES;
				GCC_WARN_UNINITIALIZED_AUTOS = YES_AGGRESSIVE;
				GCC_WARN_UNUSED_FUNCTION = YES;
				GCC_WARN_UNUSED_VARIABLE = YES;
				IPHONEOS_DEPLOYMENT_TARGET = 10.3;
				MTL_ENABLE_DEBUG_INFO = YES;
				ONLY_ACTIVE_ARCH = YES;
				SDKROOT = iphoneos;
				SWIFT_ACTIVE_COMPILATION_CONDITIONS = DEBUG;
				SWIFT_OPTIMIZATION_LEVEL = "-Onone";
				TARGETED_DEVICE_FAMILY = "1,2";
			};
			name = Debug;
		};
		1282EAEB1F4DC1890036B87F /* Release */ = {
			isa = XCBuildConfiguration;
			buildSettings = {
				ALWAYS_SEARCH_USER_PATHS = NO;
				CLANG_ANALYZER_NONNULL = YES;
				CLANG_ANALYZER_NUMBER_OBJECT_CONVERSION = YES_AGGRESSIVE;
				CLANG_CXX_LANGUAGE_STANDARD = "gnu++0x";
				CLANG_CXX_LIBRARY = "libc++";
				CLANG_ENABLE_MODULES = YES;
				CLANG_ENABLE_OBJC_ARC = YES;
				CLANG_WARN_BOOL_CONVERSION = YES;
				CLANG_WARN_CONSTANT_CONVERSION = YES;
				CLANG_WARN_DIRECT_OBJC_ISA_USAGE = YES_ERROR;
				CLANG_WARN_DOCUMENTATION_COMMENTS = YES;
				CLANG_WARN_EMPTY_BODY = YES;
				CLANG_WARN_ENUM_CONVERSION = YES;
				CLANG_WARN_INFINITE_RECURSION = YES;
				CLANG_WARN_INT_CONVERSION = YES;
				CLANG_WARN_OBJC_ROOT_CLASS = YES_ERROR;
				CLANG_WARN_SUSPICIOUS_MOVE = YES;
				CLANG_WARN_UNREACHABLE_CODE = YES;
				CLANG_WARN__DUPLICATE_METHOD_MATCH = YES;
				"CODE_SIGN_IDENTITY[sdk=iphoneos*]" = "iPhone Developer";
				COPY_PHASE_STRIP = NO;
				DEBUG_INFORMATION_FORMAT = "dwarf-with-dsym";
				ENABLE_NS_ASSERTIONS = NO;
				ENABLE_STRICT_OBJC_MSGSEND = YES;
				GCC_C_LANGUAGE_STANDARD = gnu99;
				GCC_NO_COMMON_BLOCKS = YES;
				GCC_WARN_64_TO_32_BIT_CONVERSION = YES;
				GCC_WARN_ABOUT_RETURN_TYPE = YES_ERROR;
				GCC_WARN_UNDECLARED_SELECTOR = YES;
				GCC_WARN_UNINITIALIZED_AUTOS = YES_AGGRESSIVE;
				GCC_WARN_UNUSED_FUNCTION = YES;
				GCC_WARN_UNUSED_VARIABLE = YES;
				IPHONEOS_DEPLOYMENT_TARGET = 10.3;
				MTL_ENABLE_DEBUG_INFO = NO;
				SDKROOT = iphoneos;
				SWIFT_OPTIMIZATION_LEVEL = "-Owholemodule";
				TARGETED_DEVICE_FAMILY = "1,2";
				VALIDATE_PRODUCT = YES;
			};
			name = Release;
		};
		1282EAED1F4DC1890036B87F /* Debug */ = {
			isa = XCBuildConfiguration;
			buildSettings = {
				ASSETCATALOG_COMPILER_APPICON_NAME = AppIcon;
				"CODE_SIGN_IDENTITY[sdk=iphoneos*]" = "iPhone Developer";
				DEVELOPMENT_TEAM = "";
				INFOPLIST_FILE = KouteisaMap/Info.plist;
				IPHONEOS_DEPLOYMENT_TARGET = 9.0;
				LD_RUNPATH_SEARCH_PATHS = "$(inherited) @executable_path/Frameworks";
				PRODUCT_BUNDLE_IDENTIFIER = pgostation.kouteisamap2;
				PRODUCT_NAME = "$(TARGET_NAME)";
				PROVISIONING_PROFILE = "";
				PROVISIONING_PROFILE_SPECIFIER = "";
				SWIFT_VERSION = 3.0;
			};
			name = Debug;
		};
		1282EAEE1F4DC1890036B87F /* Release */ = {
			isa = XCBuildConfiguration;
			buildSettings = {
				ASSETCATALOG_COMPILER_APPICON_NAME = AppIcon;
				"CODE_SIGN_IDENTITY[sdk=iphoneos*]" = "iPhone Developer";
				DEVELOPMENT_TEAM = "";
				INFOPLIST_FILE = KouteisaMap/Info.plist;
				IPHONEOS_DEPLOYMENT_TARGET = 9.0;
				LD_RUNPATH_SEARCH_PATHS = "$(inherited) @executable_path/Frameworks";
				PRODUCT_BUNDLE_IDENTIFIER = pgostation.kouteisamap2;
				PRODUCT_NAME = "$(TARGET_NAME)";
				PROVISIONING_PROFILE = "";
				PROVISIONING_PROFILE_SPECIFIER = "";
				SWIFT_VERSION = 3.0;
			};
			name = Release;
		};
/* End XCBuildConfiguration section */

/* Begin XCConfigurationList section */
		1282EAD51F4DC1890036B87F /* Build configuration list for PBXProject "KouteisaMap" */ = {
			isa = XCConfigurationList;
			buildConfigurations = (
				1282EAEA1F4DC1890036B87F /* Debug */,
				1282EAEB1F4DC1890036B87F /* Release */,
			);
			defaultConfigurationIsVisible = 0;
			defaultConfigurationName = Release;
		};
		1282EAEC1F4DC1890036B87F /* Build configuration list for PBXNativeTarget "KouteisaMap" */ = {
			isa = XCConfigurationList;
			buildConfigurations = (
				1282EAED1F4DC1890036B87F /* Debug */,
				1282EAEE1F4DC1890036B87F /* Release */,
			);
			defaultConfigurationIsVisible = 0;
			defaultConfigurationName = Release;
		};
/* End XCConfigurationList section */
	};
	rootObject = 1282EAD21F4DC1890036B87F /* Project object */;
}
